
Microsoft Visual Studio Solution File, Format Version 12.00
# Visual Studio 15
VisualStudioVersion = 15.0.28010.2026
MinimumVisualStudioVersion = 10.0.40219.1
Project("{FAE04EC0-301F-11D3-BF4B-00C04F79EFBC}") = "TA", "TA\TA.csproj", "{EC309B42-1F4E-4667-A2FC-7AE8EE6E2C26}"
EndProject
Global
	GlobalSection(SolutionConfigurationPlatforms) = preSolution
		Debug|Any CPU = Debug|Any CPU
		Release|Any CPU = Release|Any CPU
	EndGlobalSection
	GlobalSection(ProjectConfigurationPlatforms) = postSolution
		{EC309B42-1F4E-4667-A2FC-7AE8EE6E2C26}.Debug|Any CPU.ActiveCfg = Debug|Any CPU
		{EC309B42-1F4E-4667-A2FC-7AE8EE6E2C26}.Debug|Any CPU.Build.0 = Debug|Any CPU
		{EC309B42-1F4E-4667-A2FC-7AE8EE6E2C26}.Release|Any CPU.ActiveCfg = Release|Any CPU
		{EC309B42-1F4E-4667-A2FC-7AE8EE6E2C26}.Release|Any CPU.Build.0 = Release|Any CPU
	EndGlobalSection
	GlobalSection(SolutionProperties) = preSolution
		HideSolutionNode = FALSE
	EndGlobalSection
	GlobalSection(ExtensibilityGlobals) = postSolution
		SolutionGuid = {0D6C33D7-596F-4B01-99B9-628D8CFEFF7B}
	EndGlobalSection
EndGlobal
